// !$*UTF8*$!
{
	archiveVersion = 1;
	classes = {
	};
	objectVersion = 45;
	objects = {

/* Begin PBXBuildFile section */
		AA747D9F0F9514B9006C5449 /* Pants_Framework_Prefix.pch in Headers */ = {isa = PBXBuildFile; fileRef = AA747D9E0F9514B9006C5449 /* Pants_Framework_Prefix.pch */; };
		AACBBE4A0F95108600F1A2B1 /* Foundation.framework in Frameworks */ = {isa = PBXBuildFile; fileRef = AACBBE490F95108600F1A2B1 /* Foundation.framework */; };
		DA731C841235E1A000BB0F2B /* PFPopupBorderWithShadowView.h in Headers */ = {isa = PBXBuildFile; fileRef = DA731C821235E1A000BB0F2B /* PFPopupBorderWithShadowView.h */; };
		DA731C851235E1A000BB0F2B /* PFPopupBorderWithShadowView.m in Sources */ = {isa = PBXBuildFile; fileRef = DA731C831235E1A000BB0F2B /* PFPopupBorderWithShadowView.m */; };
		DA7C87121235ED47004FD53B /* PFDrawTools.h in Headers */ = {isa = PBXBuildFile; fileRef = DA7C87101235ED47004FD53B /* PFDrawTools.h */; };
		DA7C87131235ED47004FD53B /* PFDrawTools.m in Sources */ = {isa = PBXBuildFile; fileRef = DA7C87111235ED47004FD53B /* PFDrawTools.m */; };
		DA7C88481235FD35004FD53B /* PFTouchDetectorControl.h in Headers */ = {isa = PBXBuildFile; fileRef = DA7C88461235FD35004FD53B /* PFTouchDetectorControl.h */; };
		DA7C88491235FD35004FD53B /* PFTouchDetectorControl.m in Sources */ = {isa = PBXBuildFile; fileRef = DA7C88471235FD35004FD53B /* PFTouchDetectorControl.m */; };
		DAAB70BE123612BD007A7A17 /* PFLocationTools.h in Headers */ = {isa = PBXBuildFile; fileRef = DAAB70BA123612BD007A7A17 /* PFLocationTools.h */; };
		DAAB70BF123612BD007A7A17 /* PFLocationTools.m in Sources */ = {isa = PBXBuildFile; fileRef = DAAB70BB123612BD007A7A17 /* PFLocationTools.m */; };
		DAAB70C0123612BD007A7A17 /* PFUtility.h in Headers */ = {isa = PBXBuildFile; fileRef = DAAB70BC123612BD007A7A17 /* PFUtility.h */; };
		DAAB70C1123612BD007A7A17 /* PFUtility.m in Sources */ = {isa = PBXBuildFile; fileRef = DAAB70BD123612BD007A7A17 /* PFUtility.m */; };
		DADEBCB612360B420055DF8F /* PFCommon.h in Headers */ = {isa = PBXBuildFile; fileRef = DADEBCB512360B420055DF8F /* PFCommon.h */; };
		DAFB368A1235A90F0008E7DB /* UIView+ShowThySelf.h in Headers */ = {isa = PBXBuildFile; fileRef = DAFB36881235A90F0008E7DB /* UIView+ShowThySelf.h */; };
		DAFB368B1235A90F0008E7DB /* UIView+ShowThySelf.m in Sources */ = {isa = PBXBuildFile; fileRef = DAFB36891235A90F0008E7DB /* UIView+ShowThySelf.m */; };
/* End PBXBuildFile section */

/* Begin PBXFileReference section */
		AA747D9E0F9514B9006C5449 /* Pants_Framework_Prefix.pch */ = {isa = PBXFileReference; fileEncoding = 4; lastKnownFileType = sourcecode.c.h; path = Pants_Framework_Prefix.pch; sourceTree = SOURCE_ROOT; };
		AACBBE490F95108600F1A2B1 /* Foundation.framework */ = {isa = PBXFileReference; lastKnownFileType = wrapper.framework; name = Foundation.framework; path = System/Library/Frameworks/Foundation.framework; sourceTree = SDKROOT; };
		D2AAC07E0554694100DB518D /* libPants_Framework.a */ = {isa = PBXFileReference; explicitFileType = archive.ar; includeInIndex = 0; path = libPants_Framework.a; sourceTree = BUILT_PRODUCTS_DIR; };
		DA731C821235E1A000BB0F2B /* PFPopupBorderWithShadowView.h */ = {isa = PBXFileReference; fileEncoding = 4; lastKnownFileType = sourcecode.c.h; path = PFPopupBorderWithShadowView.h; sourceTree = "<group>"; };
		DA731C831235E1A000BB0F2B /* PFPopupBorderWithShadowView.m */ = {isa = PBXFileReference; fileEncoding = 4; lastKnownFileType = sourcecode.c.objc; path = PFPopupBorderWithShadowView.m; sourceTree = "<group>"; };
		DA7C87101235ED47004FD53B /* PFDrawTools.h */ = {isa = PBXFileReference; fileEncoding = 4; lastKnownFileType = sourcecode.c.h; path = PFDrawTools.h; sourceTree = "<group>"; };
		DA7C87111235ED47004FD53B /* PFDrawTools.m */ = {isa = PBXFileReference; fileEncoding = 4; lastKnownFileType = sourcecode.c.objc; path = PFDrawTools.m; sourceTree = "<group>"; };
		DA7C88461235FD35004FD53B /* PFTouchDetectorControl.h */ = {isa = PBXFileReference; fileEncoding = 4; lastKnownFileType = sourcecode.c.h; path = PFTouchDetectorControl.h; sourceTree = "<group>"; };
		DA7C88471235FD35004FD53B /* PFTouchDetectorControl.m */ = {isa = PBXFileReference; fileEncoding = 4; lastKnownFileType = sourcecode.c.objc; path = PFTouchDetectorControl.m; sourceTree = "<group>"; };
		DAAB70BA123612BD007A7A17 /* PFLocationTools.h */ = {isa = PBXFileReference; fileEncoding = 4; lastKnownFileType = sourcecode.c.h; name = PFLocationTools.h; path = Classes/PFLocationTools.h; sourceTree = "<group>"; };
		DAAB70BB123612BD007A7A17 /* PFLocationTools.m */ = {isa = PBXFileReference; fileEncoding = 4; lastKnownFileType = sourcecode.c.objc; name = PFLocationTools.m; path = Classes/PFLocationTools.m; sourceTree = "<group>"; };
		DAAB70BC123612BD007A7A17 /* PFUtility.h */ = {isa = PBXFileReference; fileEncoding = 4; lastKnownFileType = sourcecode.c.h; name = PFUtility.h; path = Classes/PFUtility.h; sourceTree = "<group>"; };
		DAAB70BD123612BD007A7A17 /* PFUtility.m */ = {isa = PBXFileReference; fileEncoding = 4; lastKnownFileType = sourcecode.c.objc; name = PFUtility.m; path = Classes/PFUtility.m; sourceTree = "<group>"; };
		DADEBCB512360B420055DF8F /* PFCommon.h */ = {isa = PBXFileReference; fileEncoding = 4; lastKnownFileType = sourcecode.c.h; name = PFCommon.h; path = Classes/PFCommon.h; sourceTree = "<group>"; };
		DAFB367D1235A8AD0008E7DB /* LICENSE */ = {isa = PBXFileReference; fileEncoding = 4; lastKnownFileType = text; path = LICENSE; sourceTree = "<group>"; };
		DAFB367E1235A8AD0008E7DB /* README.md */ = {isa = PBXFileReference; fileEncoding = 4; lastKnownFileType = text; path = README.md; sourceTree = "<group>"; };
		DAFB36881235A90F0008E7DB /* UIView+ShowThySelf.h */ = {isa = PBXFileReference; fileEncoding = 4; lastKnownFileType = sourcecode.c.h; path = "UIView+ShowThySelf.h"; sourceTree = "<group>"; };
		DAFB36891235A90F0008E7DB /* UIView+ShowThySelf.m */ = {isa = PBXFileReference; fileEncoding = 4; lastKnownFileType = sourcecode.c.objc; path = "UIView+ShowThySelf.m"; sourceTree = "<group>"; };
/* End PBXFileReference section */

/* Begin PBXFrameworksBuildPhase section */
		D2AAC07C0554694100DB518D /* Frameworks */ = {
			isa = PBXFrameworksBuildPhase;
			buildActionMask = 2147483647;
			files = (
				AACBBE4A0F95108600F1A2B1 /* Foundation.framework in Frameworks */,
			);
			runOnlyForDeploymentPostprocessing = 0;
		};
/* End PBXFrameworksBuildPhase section */

/* Begin PBXGroup section */
		034768DFFF38A50411DB9C8B /* Products */ = {
			isa = PBXGroup;
			children = (
				D2AAC07E0554694100DB518D /* libPants_Framework.a */,
			);
			name = Products;
			sourceTree = "<group>";
		};
		0867D691FE84028FC02AAC07 /* Pants-Framework */ = {
			isa = PBXGroup;
			children = (
				08FB77AEFE84172EC02AAC07 /* Classes */,
				32C88DFF0371C24200C91783 /* Other Sources */,
				0867D69AFE84028FC02AAC07 /* Frameworks */,
				034768DFFF38A50411DB9C8B /* Products */,
			);
			name = "Pants-Framework";
			sourceTree = "<group>";
		};
		0867D69AFE84028FC02AAC07 /* Frameworks */ = {
			isa = PBXGroup;
			children = (
				AACBBE490F95108600F1A2B1 /* Foundation.framework */,
			);
			name = Frameworks;
			sourceTree = "<group>";
		};
		08FB77AEFE84172EC02AAC07 /* Classes */ = {
			isa = PBXGroup;
			children = (
				DADEBCB512360B420055DF8F /* PFCommon.h */,
				DAAB70BA123612BD007A7A17 /* PFLocationTools.h */,
				DAAB70BB123612BD007A7A17 /* PFLocationTools.m */,
				DAAB70BC123612BD007A7A17 /* PFUtility.h */,
				DAAB70BD123612BD007A7A17 /* PFUtility.m */,
				DAFB36871235A90F0008E7DB /* Views */,
				DA7C87101235ED47004FD53B /* PFDrawTools.h */,
				DA7C87111235ED47004FD53B /* PFDrawTools.m */,
			);
			name = Classes;
			sourceTree = "<group>";
		};
		32C88DFF0371C24200C91783 /* Other Sources */ = {
			isa = PBXGroup;
			children = (
				DAFB367D1235A8AD0008E7DB /* LICENSE */,
				DAFB367E1235A8AD0008E7DB /* README.md */,
				AA747D9E0F9514B9006C5449 /* Pants_Framework_Prefix.pch */,
			);
			name = "Other Sources";
			sourceTree = "<group>";
		};
		DAFB36871235A90F0008E7DB /* Views */ = {
			isa = PBXGroup;
			children = (
				DAFB36881235A90F0008E7DB /* UIView+ShowThySelf.h */,
				DAFB36891235A90F0008E7DB /* UIView+ShowThySelf.m */,
				DA731C821235E1A000BB0F2B /* PFPopupBorderWithShadowView.h */,
				DA731C831235E1A000BB0F2B /* PFPopupBorderWithShadowView.m */,
				DA7C88461235FD35004FD53B /* PFTouchDetectorControl.h */,
				DA7C88471235FD35004FD53B /* PFTouchDetectorControl.m */,
			);
			name = Views;
			path = Classes/Views;
			sourceTree = "<group>";
		};
/* End PBXGroup section */

/* Begin PBXHeadersBuildPhase section */
		D2AAC07A0554694100DB518D /* Headers */ = {
			isa = PBXHeadersBuildPhase;
			buildActionMask = 2147483647;
			files = (
				AA747D9F0F9514B9006C5449 /* Pants_Framework_Prefix.pch in Headers */,
				DAFB368A1235A90F0008E7DB /* UIView+ShowThySelf.h in Headers */,
				DA731C841235E1A000BB0F2B /* PFPopupBorderWithShadowView.h in Headers */,
				DA7C87121235ED47004FD53B /* PFDrawTools.h in Headers */,
				DA7C88481235FD35004FD53B /* PFTouchDetectorControl.h in Headers */,
				DADEBCB612360B420055DF8F /* PFCommon.h in Headers */,
				DAAB70BE123612BD007A7A17 /* PFLocationTools.h in Headers */,
				DAAB70C0123612BD007A7A17 /* PFUtility.h in Headers */,
			);
			runOnlyForDeploymentPostprocessing = 0;
		};
/* End PBXHeadersBuildPhase section */

/* Begin PBXNativeTarget section */
		D2AAC07D0554694100DB518D /* Pants-Framework */ = {
			isa = PBXNativeTarget;
			buildConfigurationList = 1DEB921E08733DC00010E9CD /* Build configuration list for PBXNativeTarget "Pants-Framework" */;
			buildPhases = (
				D2AAC07A0554694100DB518D /* Headers */,
				D2AAC07B0554694100DB518D /* Sources */,
				D2AAC07C0554694100DB518D /* Frameworks */,
			);
			buildRules = (
			);
			dependencies = (
			);
			name = "Pants-Framework";
			productName = "Pants-Framework";
			productReference = D2AAC07E0554694100DB518D /* libPants_Framework.a */;
			productType = "com.apple.product-type.library.static";
		};
/* End PBXNativeTarget section */

/* Begin PBXProject section */
		0867D690FE84028FC02AAC07 /* Project object */ = {
			isa = PBXProject;
			buildConfigurationList = 1DEB922208733DC00010E9CD /* Build configuration list for PBXProject "Pants-Framework" */;
			compatibilityVersion = "Xcode 3.1";
			developmentRegion = English;
			hasScannedForEncodings = 1;
			knownRegions = (
				English,
				Japanese,
				French,
				German,
			);
			mainGroup = 0867D691FE84028FC02AAC07 /* Pants-Framework */;
			productRefGroup = 034768DFFF38A50411DB9C8B /* Products */;
			projectDirPath = "";
			projectRoot = "";
			targets = (
				D2AAC07D0554694100DB518D /* Pants-Framework */,
			);
		};
/* End PBXProject section */

/* Begin PBXSourcesBuildPhase section */
		D2AAC07B0554694100DB518D /* Sources */ = {
			isa = PBXSourcesBuildPhase;
			buildActionMask = 2147483647;
			files = (
				DAFB368B1235A90F0008E7DB /* UIView+ShowThySelf.m in Sources */,
				DA731C851235E1A000BB0F2B /* PFPopupBorderWithShadowView.m in Sources */,
				DA7C87131235ED47004FD53B /* PFDrawTools.m in Sources */,
				DA7C88491235FD35004FD53B /* PFTouchDetectorControl.m in Sources */,
				DAAB70BF123612BD007A7A17 /* PFLocationTools.m in Sources */,
				DAAB70C1123612BD007A7A17 /* PFUtility.m in Sources */,
			);
			runOnlyForDeploymentPostprocessing = 0;
		};
/* End PBXSourcesBuildPhase section */

/* Begin XCBuildConfiguration section */
		1DEB921F08733DC00010E9CD /* Debug */ = {
			isa = XCBuildConfiguration;
			buildSettings = {
				ALWAYS_SEARCH_USER_PATHS = NO;
				ARCHS = "$(ARCHS_STANDARD_32_BIT)";
				COPY_PHASE_STRIP = NO;
				DSTROOT = /tmp/Pants_Framework.dst;
				GCC_DYNAMIC_NO_PIC = NO;
				GCC_ENABLE_FIX_AND_CONTINUE = YES;
				GCC_MODEL_TUNING = G5;
				GCC_OPTIMIZATION_LEVEL = 0;
				GCC_PRECOMPILE_PREFIX_HEADER = YES;
				GCC_PREFIX_HEADER = Pants_Framework_Prefix.pch;
				INSTALL_PATH = /usr/local/lib;
				PRODUCT_NAME = Pants_Framework;
			};
			name = Debug;
		};
		1DEB922008733DC00010E9CD /* Release */ = {
			isa = XCBuildConfiguration;
			buildSettings = {
				ALWAYS_SEARCH_USER_PATHS = NO;
				ARCHS = "$(ARCHS_STANDARD_32_BIT)";
				DSTROOT = /tmp/Pants_Framework.dst;
				GCC_MODEL_TUNING = G5;
				GCC_PRECOMPILE_PREFIX_HEADER = YES;
				GCC_PREFIX_HEADER = Pants_Framework_Prefix.pch;
				INSTALL_PATH = /usr/local/lib;
				PRODUCT_NAME = Pants_Framework;
			};
			name = Release;
		};
		1DEB922308733DC00010E9CD /* Debug */ = {
			isa = XCBuildConfiguration;
			buildSettings = {
				ARCHS = "$(ARCHS_STANDARD_32_BIT)";
				GCC_C_LANGUAGE_STANDARD = c99;
				GCC_OPTIMIZATION_LEVEL = 0;
				GCC_WARN_ABOUT_RETURN_TYPE = YES;
				GCC_WARN_UNUSED_VARIABLE = YES;
				OTHER_LDFLAGS = "-ObjC";
				PREBINDING = NO;
				SDKROOT = iphoneos4.1;
			};
			name = Debug;
		};
		1DEB922408733DC00010E9CD /* Release */ = {
			isa = XCBuildConfiguration;
			buildSettings = {
				ARCHS = "$(ARCHS_STANDARD_32_BIT)";
				GCC_C_LANGUAGE_STANDARD = c99;
				GCC_WARN_ABOUT_RETURN_TYPE = YES;
				GCC_WARN_UNUSED_VARIABLE = YES;
				OTHER_LDFLAGS = "-ObjC";
				PREBINDING = NO;
				SDKROOT = iphoneos4.1;
			};
			name = Release;
		};
/* End XCBuildConfiguration section */

/* Begin XCConfigurationList section */
		1DEB921E08733DC00010E9CD /* Build configuration list for PBXNativeTarget "Pants-Framework" */ = {
			isa = XCConfigurationList;
			buildConfigurations = (
				1DEB921F08733DC00010E9CD /* Debug */,
				1DEB922008733DC00010E9CD /* Release */,
			);
			defaultConfigurationIsVisible = 0;
			defaultConfigurationName = Release;
		};
		1DEB922208733DC00010E9CD /* Build configuration list for PBXProject "Pants-Framework" */ = {
			isa = XCConfigurationList;
			buildConfigurations = (
				1DEB922308733DC00010E9CD /* Debug */,
				1DEB922408733DC00010E9CD /* Release */,
			);
			defaultConfigurationIsVisible = 0;
			defaultConfigurationName = Release;
		};
/* End XCConfigurationList section */
	};
	rootObject = 0867D690FE84028FC02AAC07 /* Project object */;
}
