// !$*UTF8*$!
{
	archiveVersion = 1;
	classes = {
	};
	objectVersion = 45;
	objects = {

/* Begin PBXBuildFile section */
		AA747D9F0F9514B9006C5449 /* Pants_Framework_Prefix.pch in Headers */ = {isa = PBXBuildFile; fileRef = AA747D9E0F9514B9006C5449 /* Pants_Framework_Prefix.pch */; };
		AACBBE4A0F95108600F1A2B1 /* Foundation.framework in Frameworks */ = {isa = PBXBuildFile; fileRef = AACBBE490F95108600F1A2B1 /* Foundation.framework */; };
		DA0B4361124B1B180084D2E6 /* PFGlassControl.h in Headers */ = {isa = PBXBuildFile; fileRef = DA0B435F124B1B180084D2E6 /* PFGlassControl.h */; };
		DA0B4362124B1B180084D2E6 /* PFGlassControl.m in Sources */ = {isa = PBXBuildFile; fileRef = DA0B4360124B1B180084D2E6 /* PFGlassControl.m */; };
		DA147A9912558315009F6E1C /* PFContainerView.h in Headers */ = {isa = PBXBuildFile; fileRef = DA147A9712558315009F6E1C /* PFContainerView.h */; };
		DA147A9A12558315009F6E1C /* PFContainerView.m in Sources */ = {isa = PBXBuildFile; fileRef = DA147A9812558315009F6E1C /* PFContainerView.m */; };
		DA345310124972100051A018 /* PFImageCache.h in Headers */ = {isa = PBXBuildFile; fileRef = DA34530E124972100051A018 /* PFImageCache.h */; };
		DA345311124972100051A018 /* PFImageCache.m in Sources */ = {isa = PBXBuildFile; fileRef = DA34530F124972100051A018 /* PFImageCache.m */; };
		DA35873B12446F2700DCA7FB /* GDataXML+PFXml.h in Headers */ = {isa = PBXBuildFile; fileRef = DA35873912446F2700DCA7FB /* GDataXML+PFXml.h */; };
		DA35873C12446F2700DCA7FB /* GDataXML+PFXml.m in Sources */ = {isa = PBXBuildFile; fileRef = DA35873A12446F2700DCA7FB /* GDataXML+PFXml.m */; };
		DA731C841235E1A000BB0F2B /* PFPopupBorderWithShadowView.h in Headers */ = {isa = PBXBuildFile; fileRef = DA731C821235E1A000BB0F2B /* PFPopupBorderWithShadowView.h */; };
		DA731C851235E1A000BB0F2B /* PFPopupBorderWithShadowView.m in Sources */ = {isa = PBXBuildFile; fileRef = DA731C831235E1A000BB0F2B /* PFPopupBorderWithShadowView.m */; };
		DA7C88481235FD35004FD53B /* PFTouchDetectorControl.h in Headers */ = {isa = PBXBuildFile; fileRef = DA7C88461235FD35004FD53B /* PFTouchDetectorControl.h */; };
		DA7C88491235FD35004FD53B /* PFTouchDetectorControl.m in Sources */ = {isa = PBXBuildFile; fileRef = DA7C88471235FD35004FD53B /* PFTouchDetectorControl.m */; };
		DA8B950412545AF300EA75D1 /* PFPageControl.h in Headers */ = {isa = PBXBuildFile; fileRef = DA8B950212545AF300EA75D1 /* PFPageControl.h */; };
		DA8B950512545AF300EA75D1 /* PFPageControl.m in Sources */ = {isa = PBXBuildFile; fileRef = DA8B950312545AF300EA75D1 /* PFPageControl.m */; };
		DA9A89D1124B180D005E4323 /* PFGlassView.h in Headers */ = {isa = PBXBuildFile; fileRef = DA9A89CF124B180D005E4323 /* PFGlassView.h */; };
		DA9A89D2124B180D005E4323 /* PFGlassView.m in Sources */ = {isa = PBXBuildFile; fileRef = DA9A89D0124B180D005E4323 /* PFGlassView.m */; };
		DA9A89E2124B19CE005E4323 /* UIKit.framework in Frameworks */ = {isa = PBXBuildFile; fileRef = DA9A89E1124B19CE005E4323 /* UIKit.framework */; };
		DAAB70BE123612BD007A7A17 /* PFLocationTools.h in Headers */ = {isa = PBXBuildFile; fileRef = DAAB70BA123612BD007A7A17 /* PFLocationTools.h */; };
		DAAB70BF123612BD007A7A17 /* PFLocationTools.m in Sources */ = {isa = PBXBuildFile; fileRef = DAAB70BB123612BD007A7A17 /* PFLocationTools.m */; };
		DAAB70C0123612BD007A7A17 /* PFCommon.h in Headers */ = {isa = PBXBuildFile; fileRef = DAAB70BC123612BD007A7A17 /* PFCommon.h */; };
		DAAB70C1123612BD007A7A17 /* PFCommon.m in Sources */ = {isa = PBXBuildFile; fileRef = DAAB70BD123612BD007A7A17 /* PFCommon.m */; };
		DAAC0C3112445F7600ED8F47 /* GDataXMLNode.h in Headers */ = {isa = PBXBuildFile; fileRef = DAAC0C2F12445F7600ED8F47 /* GDataXMLNode.h */; };
		DAAC0C3212445F7600ED8F47 /* GDataXMLNode.m in Sources */ = {isa = PBXBuildFile; fileRef = DAAC0C3012445F7600ED8F47 /* GDataXMLNode.m */; };
		DACE0732125E8EFB00173EF0 /* PFSpringLayout.h in Headers */ = {isa = PBXBuildFile; fileRef = DACE0730125E8EFB00173EF0 /* PFSpringLayout.h */; };
		DACE0733125E8EFB00173EF0 /* PFSpringLayout.m in Sources */ = {isa = PBXBuildFile; fileRef = DACE0731125E8EFB00173EF0 /* PFSpringLayout.m */; };
		DACE073A125E8F3B00173EF0 /* NSString+PFExtensions.h in Headers */ = {isa = PBXBuildFile; fileRef = DACE0738125E8F3B00173EF0 /* NSString+PFExtensions.h */; };
		DACE073B125E8F3B00173EF0 /* NSString+PFExtensions.m in Sources */ = {isa = PBXBuildFile; fileRef = DACE0739125E8F3B00173EF0 /* NSString+PFExtensions.m */; };
		DADB63A61249790800B681CC /* PFCachedImage.h in Headers */ = {isa = PBXBuildFile; fileRef = DADB63A41249790800B681CC /* PFCachedImage.h */; };
		DADB63A71249790800B681CC /* PFCachedImage.m in Sources */ = {isa = PBXBuildFile; fileRef = DADB63A51249790800B681CC /* PFCachedImage.m */; };
		DADB63D51249963400B681CC /* UIImage+Resize.h in Headers */ = {isa = PBXBuildFile; fileRef = DADB63D31249963400B681CC /* UIImage+Resize.h */; };
		DADB63D61249963400B681CC /* UIImage+Resize.m in Sources */ = {isa = PBXBuildFile; fileRef = DADB63D41249963400B681CC /* UIImage+Resize.m */; };
		DAE3A5A71236B490009C125E /* PFDrawTools.h in Headers */ = {isa = PBXBuildFile; fileRef = DAE3A5A51236B490009C125E /* PFDrawTools.h */; };
		DAE3A5A81236B490009C125E /* PFDrawTools.m in Sources */ = {isa = PBXBuildFile; fileRef = DAE3A5A61236B490009C125E /* PFDrawTools.m */; };
		DAF4838E1242D1F000709C30 /* PFGlassButton.h in Headers */ = {isa = PBXBuildFile; fileRef = DAF4838A1242D1F000709C30 /* PFGlassButton.h */; };
		DAF4838F1242D1F000709C30 /* PFGlassButton.m in Sources */ = {isa = PBXBuildFile; fileRef = DAF4838B1242D1F000709C30 /* PFGlassButton.m */; };
		DAF483901242D1F000709C30 /* PFLabel.h in Headers */ = {isa = PBXBuildFile; fileRef = DAF4838C1242D1F000709C30 /* PFLabel.h */; };
		DAF483911242D1F000709C30 /* PFLabel.m in Sources */ = {isa = PBXBuildFile; fileRef = DAF4838D1242D1F000709C30 /* PFLabel.m */; };
		DAFB368A1235A90F0008E7DB /* UIView+ShowThySelf.h in Headers */ = {isa = PBXBuildFile; fileRef = DAFB36881235A90F0008E7DB /* UIView+ShowThySelf.h */; };
		DAFB368B1235A90F0008E7DB /* UIView+ShowThySelf.m in Sources */ = {isa = PBXBuildFile; fileRef = DAFB36891235A90F0008E7DB /* UIView+ShowThySelf.m */; };
/* End PBXBuildFile section */

/* Begin PBXFileReference section */
		AA747D9E0F9514B9006C5449 /* Pants_Framework_Prefix.pch */ = {isa = PBXFileReference; fileEncoding = 4; lastKnownFileType = sourcecode.c.h; path = Pants_Framework_Prefix.pch; sourceTree = SOURCE_ROOT; };
		AACBBE490F95108600F1A2B1 /* Foundation.framework */ = {isa = PBXFileReference; lastKnownFileType = wrapper.framework; name = Foundation.framework; path = System/Library/Frameworks/Foundation.framework; sourceTree = SDKROOT; };
		D2AAC07E0554694100DB518D /* libPants_Framework.a */ = {isa = PBXFileReference; explicitFileType = archive.ar; includeInIndex = 0; path = libPants_Framework.a; sourceTree = BUILT_PRODUCTS_DIR; };
		DA0B435F124B1B180084D2E6 /* PFGlassControl.h */ = {isa = PBXFileReference; fileEncoding = 4; lastKnownFileType = sourcecode.c.h; path = PFGlassControl.h; sourceTree = "<group>"; };
		DA0B4360124B1B180084D2E6 /* PFGlassControl.m */ = {isa = PBXFileReference; fileEncoding = 4; lastKnownFileType = sourcecode.c.objc; path = PFGlassControl.m; sourceTree = "<group>"; };
		DA147A9712558315009F6E1C /* PFContainerView.h */ = {isa = PBXFileReference; fileEncoding = 4; lastKnownFileType = sourcecode.c.h; path = PFContainerView.h; sourceTree = "<group>"; };
		DA147A9812558315009F6E1C /* PFContainerView.m */ = {isa = PBXFileReference; fileEncoding = 4; lastKnownFileType = sourcecode.c.objc; path = PFContainerView.m; sourceTree = "<group>"; };
		DA34530E124972100051A018 /* PFImageCache.h */ = {isa = PBXFileReference; fileEncoding = 4; lastKnownFileType = sourcecode.c.h; name = PFImageCache.h; path = Classes/PFImageCache.h; sourceTree = "<group>"; };
		DA34530F124972100051A018 /* PFImageCache.m */ = {isa = PBXFileReference; fileEncoding = 4; lastKnownFileType = sourcecode.c.objc; name = PFImageCache.m; path = Classes/PFImageCache.m; sourceTree = "<group>"; };
		DA35873912446F2700DCA7FB /* GDataXML+PFXml.h */ = {isa = PBXFileReference; fileEncoding = 4; lastKnownFileType = sourcecode.c.h; name = "GDataXML+PFXml.h"; path = "Classes/GDataXML+PFXml.h"; sourceTree = "<group>"; };
		DA35873A12446F2700DCA7FB /* GDataXML+PFXml.m */ = {isa = PBXFileReference; fileEncoding = 4; lastKnownFileType = sourcecode.c.objc; name = "GDataXML+PFXml.m"; path = "Classes/GDataXML+PFXml.m"; sourceTree = "<group>"; };
		DA731C821235E1A000BB0F2B /* PFPopupBorderWithShadowView.h */ = {isa = PBXFileReference; fileEncoding = 4; lastKnownFileType = sourcecode.c.h; path = PFPopupBorderWithShadowView.h; sourceTree = "<group>"; };
		DA731C831235E1A000BB0F2B /* PFPopupBorderWithShadowView.m */ = {isa = PBXFileReference; fileEncoding = 4; lastKnownFileType = sourcecode.c.objc; path = PFPopupBorderWithShadowView.m; sourceTree = "<group>"; };
		DA7C88461235FD35004FD53B /* PFTouchDetectorControl.h */ = {isa = PBXFileReference; fileEncoding = 4; lastKnownFileType = sourcecode.c.h; path = PFTouchDetectorControl.h; sourceTree = "<group>"; };
		DA7C88471235FD35004FD53B /* PFTouchDetectorControl.m */ = {isa = PBXFileReference; fileEncoding = 4; lastKnownFileType = sourcecode.c.objc; path = PFTouchDetectorControl.m; sourceTree = "<group>"; };
		DA8B950212545AF300EA75D1 /* PFPageControl.h */ = {isa = PBXFileReference; fileEncoding = 4; lastKnownFileType = sourcecode.c.h; path = PFPageControl.h; sourceTree = "<group>"; };
		DA8B950312545AF300EA75D1 /* PFPageControl.m */ = {isa = PBXFileReference; fileEncoding = 4; lastKnownFileType = sourcecode.c.objc; path = PFPageControl.m; sourceTree = "<group>"; };
		DA9A89CF124B180D005E4323 /* PFGlassView.h */ = {isa = PBXFileReference; fileEncoding = 4; lastKnownFileType = sourcecode.c.h; path = PFGlassView.h; sourceTree = "<group>"; };
		DA9A89D0124B180D005E4323 /* PFGlassView.m */ = {isa = PBXFileReference; fileEncoding = 4; lastKnownFileType = sourcecode.c.objc; path = PFGlassView.m; sourceTree = "<group>"; };
		DA9A89E1124B19CE005E4323 /* UIKit.framework */ = {isa = PBXFileReference; lastKnownFileType = wrapper.framework; name = UIKit.framework; path = System/Library/Frameworks/UIKit.framework; sourceTree = SDKROOT; };
		DAAB70BA123612BD007A7A17 /* PFLocationTools.h */ = {isa = PBXFileReference; fileEncoding = 4; lastKnownFileType = sourcecode.c.h; name = PFLocationTools.h; path = Classes/PFLocationTools.h; sourceTree = "<group>"; };
		DAAB70BB123612BD007A7A17 /* PFLocationTools.m */ = {isa = PBXFileReference; fileEncoding = 4; lastKnownFileType = sourcecode.c.objc; name = PFLocationTools.m; path = Classes/PFLocationTools.m; sourceTree = "<group>"; };
		DAAB70BC123612BD007A7A17 /* PFCommon.h */ = {isa = PBXFileReference; fileEncoding = 4; lastKnownFileType = sourcecode.c.h; name = PFCommon.h; path = Classes/PFCommon.h; sourceTree = "<group>"; };
		DAAB70BD123612BD007A7A17 /* PFCommon.m */ = {isa = PBXFileReference; fileEncoding = 4; lastKnownFileType = sourcecode.c.objc; name = PFCommon.m; path = Classes/PFCommon.m; sourceTree = "<group>"; };
		DAAC0C2F12445F7600ED8F47 /* GDataXMLNode.h */ = {isa = PBXFileReference; fileEncoding = 4; lastKnownFileType = sourcecode.c.h; name = GDataXMLNode.h; path = Classes/GDataXMLNode.h; sourceTree = "<group>"; };
		DAAC0C3012445F7600ED8F47 /* GDataXMLNode.m */ = {isa = PBXFileReference; fileEncoding = 4; lastKnownFileType = sourcecode.c.objc; name = GDataXMLNode.m; path = Classes/GDataXMLNode.m; sourceTree = "<group>"; };
		DACE0730125E8EFB00173EF0 /* PFSpringLayout.h */ = {isa = PBXFileReference; fileEncoding = 4; lastKnownFileType = sourcecode.c.h; path = PFSpringLayout.h; sourceTree = "<group>"; };
		DACE0731125E8EFB00173EF0 /* PFSpringLayout.m */ = {isa = PBXFileReference; fileEncoding = 4; lastKnownFileType = sourcecode.c.objc; path = PFSpringLayout.m; sourceTree = "<group>"; };
		DACE0738125E8F3B00173EF0 /* NSString+PFExtensions.h */ = {isa = PBXFileReference; fileEncoding = 4; lastKnownFileType = sourcecode.c.h; name = "NSString+PFExtensions.h"; path = "Classes/NSString+PFExtensions.h"; sourceTree = "<group>"; };
		DACE0739125E8F3B00173EF0 /* NSString+PFExtensions.m */ = {isa = PBXFileReference; fileEncoding = 4; lastKnownFileType = sourcecode.c.objc; name = "NSString+PFExtensions.m"; path = "Classes/NSString+PFExtensions.m"; sourceTree = "<group>"; };
		DADB63A41249790800B681CC /* PFCachedImage.h */ = {isa = PBXFileReference; fileEncoding = 4; lastKnownFileType = sourcecode.c.h; name = PFCachedImage.h; path = Classes/PFCachedImage.h; sourceTree = "<group>"; };
		DADB63A51249790800B681CC /* PFCachedImage.m */ = {isa = PBXFileReference; fileEncoding = 4; lastKnownFileType = sourcecode.c.objc; name = PFCachedImage.m; path = Classes/PFCachedImage.m; sourceTree = "<group>"; };
		DADB63D31249963400B681CC /* UIImage+Resize.h */ = {isa = PBXFileReference; fileEncoding = 4; lastKnownFileType = sourcecode.c.h; name = "UIImage+Resize.h"; path = "Classes/UIImage+Resize.h"; sourceTree = "<group>"; };
		DADB63D41249963400B681CC /* UIImage+Resize.m */ = {isa = PBXFileReference; fileEncoding = 4; lastKnownFileType = sourcecode.c.objc; name = "UIImage+Resize.m"; path = "Classes/UIImage+Resize.m"; sourceTree = "<group>"; };
		DAE3A5A51236B490009C125E /* PFDrawTools.h */ = {isa = PBXFileReference; fileEncoding = 4; lastKnownFileType = sourcecode.c.h; name = PFDrawTools.h; path = Classes/PFDrawTools.h; sourceTree = "<group>"; };
		DAE3A5A61236B490009C125E /* PFDrawTools.m */ = {isa = PBXFileReference; fileEncoding = 4; lastKnownFileType = sourcecode.c.objc; name = PFDrawTools.m; path = Classes/PFDrawTools.m; sourceTree = "<group>"; };
		DAF4838A1242D1F000709C30 /* PFGlassButton.h */ = {isa = PBXFileReference; fileEncoding = 4; lastKnownFileType = sourcecode.c.h; path = PFGlassButton.h; sourceTree = "<group>"; };
		DAF4838B1242D1F000709C30 /* PFGlassButton.m */ = {isa = PBXFileReference; fileEncoding = 4; lastKnownFileType = sourcecode.c.objc; path = PFGlassButton.m; sourceTree = "<group>"; };
		DAF4838C1242D1F000709C30 /* PFLabel.h */ = {isa = PBXFileReference; fileEncoding = 4; lastKnownFileType = sourcecode.c.h; path = PFLabel.h; sourceTree = "<group>"; };
		DAF4838D1242D1F000709C30 /* PFLabel.m */ = {isa = PBXFileReference; fileEncoding = 4; lastKnownFileType = sourcecode.c.objc; path = PFLabel.m; sourceTree = "<group>"; };
		DAFB367D1235A8AD0008E7DB /* LICENSE */ = {isa = PBXFileReference; fileEncoding = 4; lastKnownFileType = text; path = LICENSE; sourceTree = "<group>"; };
		DAFB367E1235A8AD0008E7DB /* README.md */ = {isa = PBXFileReference; fileEncoding = 4; lastKnownFileType = text; path = README.md; sourceTree = "<group>"; };
		DAFB36881235A90F0008E7DB /* UIView+ShowThySelf.h */ = {isa = PBXFileReference; fileEncoding = 4; lastKnownFileType = sourcecode.c.h; path = "UIView+ShowThySelf.h"; sourceTree = "<group>"; };
		DAFB36891235A90F0008E7DB /* UIView+ShowThySelf.m */ = {isa = PBXFileReference; fileEncoding = 4; lastKnownFileType = sourcecode.c.objc; path = "UIView+ShowThySelf.m"; sourceTree = "<group>"; };
/* End PBXFileReference section */

/* Begin PBXFrameworksBuildPhase section */
		D2AAC07C0554694100DB518D /* Frameworks */ = {
			isa = PBXFrameworksBuildPhase;
			buildActionMask = 2147483647;
			files = (
				DA9A89E2124B19CE005E4323 /* UIKit.framework in Frameworks */,
				AACBBE4A0F95108600F1A2B1 /* Foundation.framework in Frameworks */,
			);
			runOnlyForDeploymentPostprocessing = 0;
		};
/* End PBXFrameworksBuildPhase section */

/* Begin PBXGroup section */
		034768DFFF38A50411DB9C8B /* Products */ = {
			isa = PBXGroup;
			children = (
				D2AAC07E0554694100DB518D /* libPants_Framework.a */,
			);
			name = Products;
			sourceTree = "<group>";
		};
		0867D691FE84028FC02AAC07 /* Pants-Framework */ = {
			isa = PBXGroup;
			children = (
				DA9A89E1124B19CE005E4323 /* UIKit.framework */,
				08FB77AEFE84172EC02AAC07 /* Classes */,
				32C88DFF0371C24200C91783 /* Other Sources */,
				0867D69AFE84028FC02AAC07 /* Frameworks */,
				034768DFFF38A50411DB9C8B /* Products */,
			);
			name = "Pants-Framework";
			sourceTree = "<group>";
		};
		0867D69AFE84028FC02AAC07 /* Frameworks */ = {
			isa = PBXGroup;
			children = (
				AACBBE490F95108600F1A2B1 /* Foundation.framework */,
			);
			name = Frameworks;
			sourceTree = "<group>";
		};
		08FB77AEFE84172EC02AAC07 /* Classes */ = {
			isa = PBXGroup;
			children = (
				DACE0738125E8F3B00173EF0 /* NSString+PFExtensions.h */,
				DACE0739125E8F3B00173EF0 /* NSString+PFExtensions.m */,
				DADB63D31249963400B681CC /* UIImage+Resize.h */,
				DADB63D41249963400B681CC /* UIImage+Resize.m */,
				DADB63A41249790800B681CC /* PFCachedImage.h */,
				DADB63A51249790800B681CC /* PFCachedImage.m */,
				DA34530E124972100051A018 /* PFImageCache.h */,
				DA34530F124972100051A018 /* PFImageCache.m */,
				DA35873912446F2700DCA7FB /* GDataXML+PFXml.h */,
				DA35873A12446F2700DCA7FB /* GDataXML+PFXml.m */,
				DAAC0C2F12445F7600ED8F47 /* GDataXMLNode.h */,
				DAAC0C3012445F7600ED8F47 /* GDataXMLNode.m */,
				DAE3A5A51236B490009C125E /* PFDrawTools.h */,
				DAE3A5A61236B490009C125E /* PFDrawTools.m */,
				DAAB70BA123612BD007A7A17 /* PFLocationTools.h */,
				DAAB70BB123612BD007A7A17 /* PFLocationTools.m */,
				DAAB70BC123612BD007A7A17 /* PFCommon.h */,
				DAAB70BD123612BD007A7A17 /* PFCommon.m */,
				DAFB36871235A90F0008E7DB /* Views */,
			);
			name = Classes;
			sourceTree = "<group>";
		};
		32C88DFF0371C24200C91783 /* Other Sources */ = {
			isa = PBXGroup;
			children = (
				DAFB367D1235A8AD0008E7DB /* LICENSE */,
				DAFB367E1235A8AD0008E7DB /* README.md */,
				AA747D9E0F9514B9006C5449 /* Pants_Framework_Prefix.pch */,
			);
			name = "Other Sources";
			sourceTree = "<group>";
		};
		DAFB36871235A90F0008E7DB /* Views */ = {
			isa = PBXGroup;
			children = (
				DACE0730125E8EFB00173EF0 /* PFSpringLayout.h */,
				DACE0731125E8EFB00173EF0 /* PFSpringLayout.m */,
				DA147A9712558315009F6E1C /* PFContainerView.h */,
				DA147A9812558315009F6E1C /* PFContainerView.m */,
				DA8B950212545AF300EA75D1 /* PFPageControl.h */,
				DA8B950312545AF300EA75D1 /* PFPageControl.m */,
				DA0B435F124B1B180084D2E6 /* PFGlassControl.h */,
				DA0B4360124B1B180084D2E6 /* PFGlassControl.m */,
				DA9A89CF124B180D005E4323 /* PFGlassView.h */,
				DA9A89D0124B180D005E4323 /* PFGlassView.m */,
				DAF4838A1242D1F000709C30 /* PFGlassButton.h */,
				DAF4838B1242D1F000709C30 /* PFGlassButton.m */,
				DAF4838C1242D1F000709C30 /* PFLabel.h */,
				DAF4838D1242D1F000709C30 /* PFLabel.m */,
				DA731C821235E1A000BB0F2B /* PFPopupBorderWithShadowView.h */,
				DA731C831235E1A000BB0F2B /* PFPopupBorderWithShadowView.m */,
				DA7C88461235FD35004FD53B /* PFTouchDetectorControl.h */,
				DA7C88471235FD35004FD53B /* PFTouchDetectorControl.m */,
				DAFB36881235A90F0008E7DB /* UIView+ShowThySelf.h */,
				DAFB36891235A90F0008E7DB /* UIView+ShowThySelf.m */,
			);
			name = Views;
			path = Classes/Views;
			sourceTree = "<group>";
		};
/* End PBXGroup section */

/* Begin PBXHeadersBuildPhase section */
		D2AAC07A0554694100DB518D /* Headers */ = {
			isa = PBXHeadersBuildPhase;
			buildActionMask = 2147483647;
			files = (
				AA747D9F0F9514B9006C5449 /* Pants_Framework_Prefix.pch in Headers */,
				DAFB368A1235A90F0008E7DB /* UIView+ShowThySelf.h in Headers */,
				DA731C841235E1A000BB0F2B /* PFPopupBorderWithShadowView.h in Headers */,
				DA7C88481235FD35004FD53B /* PFTouchDetectorControl.h in Headers */,
				DAAB70BE123612BD007A7A17 /* PFLocationTools.h in Headers */,
				DAAB70C0123612BD007A7A17 /* PFCommon.h in Headers */,
				DAE3A5A71236B490009C125E /* PFDrawTools.h in Headers */,
				DAF4838E1242D1F000709C30 /* PFGlassButton.h in Headers */,
				DAF483901242D1F000709C30 /* PFLabel.h in Headers */,
				DAAC0C3112445F7600ED8F47 /* GDataXMLNode.h in Headers */,
				DA35873B12446F2700DCA7FB /* GDataXML+PFXml.h in Headers */,
				DA345310124972100051A018 /* PFImageCache.h in Headers */,
				DADB63A61249790800B681CC /* PFCachedImage.h in Headers */,
				DADB63D51249963400B681CC /* UIImage+Resize.h in Headers */,
				DA9A89D1124B180D005E4323 /* PFGlassView.h in Headers */,
				DA0B4361124B1B180084D2E6 /* PFGlassControl.h in Headers */,
				DA8B950412545AF300EA75D1 /* PFPageControl.h in Headers */,
				DA147A9912558315009F6E1C /* PFContainerView.h in Headers */,
				DACE0732125E8EFB00173EF0 /* PFSpringLayout.h in Headers */,
				DACE073A125E8F3B00173EF0 /* NSString+PFExtensions.h in Headers */,
			);
			runOnlyForDeploymentPostprocessing = 0;
		};
/* End PBXHeadersBuildPhase section */

/* Begin PBXNativeTarget section */
		D2AAC07D0554694100DB518D /* Pants-Framework */ = {
			isa = PBXNativeTarget;
			buildConfigurationList = 1DEB921E08733DC00010E9CD /* Build configuration list for PBXNativeTarget "Pants-Framework" */;
			buildPhases = (
				D2AAC07A0554694100DB518D /* Headers */,
				D2AAC07B0554694100DB518D /* Sources */,
				D2AAC07C0554694100DB518D /* Frameworks */,
			);
			buildRules = (
			);
			dependencies = (
			);
			name = "Pants-Framework";
			productName = "Pants-Framework";
			productReference = D2AAC07E0554694100DB518D /* libPants_Framework.a */;
			productType = "com.apple.product-type.library.static";
		};
/* End PBXNativeTarget section */

/* Begin PBXProject section */
		0867D690FE84028FC02AAC07 /* Project object */ = {
			isa = PBXProject;
			buildConfigurationList = 1DEB922208733DC00010E9CD /* Build configuration list for PBXProject "Pants-Framework" */;
			compatibilityVersion = "Xcode 3.1";
			developmentRegion = English;
			hasScannedForEncodings = 1;
			knownRegions = (
				English,
				Japanese,
				French,
				German,
			);
			mainGroup = 0867D691FE84028FC02AAC07 /* Pants-Framework */;
			productRefGroup = 034768DFFF38A50411DB9C8B /* Products */;
			projectDirPath = "";
			projectRoot = "";
			targets = (
				D2AAC07D0554694100DB518D /* Pants-Framework */,
			);
		};
/* End PBXProject section */

/* Begin PBXSourcesBuildPhase section */
		D2AAC07B0554694100DB518D /* Sources */ = {
			isa = PBXSourcesBuildPhase;
			buildActionMask = 2147483647;
			files = (
				DAFB368B1235A90F0008E7DB /* UIView+ShowThySelf.m in Sources */,
				DA731C851235E1A000BB0F2B /* PFPopupBorderWithShadowView.m in Sources */,
				DA7C88491235FD35004FD53B /* PFTouchDetectorControl.m in Sources */,
				DAAB70BF123612BD007A7A17 /* PFLocationTools.m in Sources */,
				DAAB70C1123612BD007A7A17 /* PFCommon.m in Sources */,
				DAE3A5A81236B490009C125E /* PFDrawTools.m in Sources */,
				DAF4838F1242D1F000709C30 /* PFGlassButton.m in Sources */,
				DAF483911242D1F000709C30 /* PFLabel.m in Sources */,
				DAAC0C3212445F7600ED8F47 /* GDataXMLNode.m in Sources */,
				DA35873C12446F2700DCA7FB /* GDataXML+PFXml.m in Sources */,
				DA345311124972100051A018 /* PFImageCache.m in Sources */,
				DADB63A71249790800B681CC /* PFCachedImage.m in Sources */,
				DADB63D61249963400B681CC /* UIImage+Resize.m in Sources */,
				DA9A89D2124B180D005E4323 /* PFGlassView.m in Sources */,
				DA0B4362124B1B180084D2E6 /* PFGlassControl.m in Sources */,
				DA8B950512545AF300EA75D1 /* PFPageControl.m in Sources */,
				DA147A9A12558315009F6E1C /* PFContainerView.m in Sources */,
				DACE0733125E8EFB00173EF0 /* PFSpringLayout.m in Sources */,
				DACE073B125E8F3B00173EF0 /* NSString+PFExtensions.m in Sources */,
			);
			runOnlyForDeploymentPostprocessing = 0;
		};
/* End PBXSourcesBuildPhase section */

/* Begin XCBuildConfiguration section */
		1DEB921F08733DC00010E9CD /* Debug */ = {
			isa = XCBuildConfiguration;
			buildSettings = {
				ALWAYS_SEARCH_USER_PATHS = NO;
				ARCHS = "$(ARCHS_STANDARD_32_BIT)";
				COPY_PHASE_STRIP = NO;
				DSTROOT = /tmp/Pants_Framework.dst;
				GCC_DYNAMIC_NO_PIC = NO;
				GCC_ENABLE_FIX_AND_CONTINUE = YES;
				GCC_MODEL_TUNING = G5;
				GCC_OPTIMIZATION_LEVEL = 0;
				GCC_PRECOMPILE_PREFIX_HEADER = YES;
				GCC_PREFIX_HEADER = Pants_Framework_Prefix.pch;
				GCC_PREPROCESSOR_DEFINITIONS = "DEBUG=1";
				GCC_VERSION = com.apple.compilers.llvm.clang.1_0;
				HEADER_SEARCH_PATHS = /usr/include/libxml2;
				INSTALL_PATH = /usr/local/lib;
				PRODUCT_NAME = Pants_Framework;
			};
			name = Debug;
		};
		1DEB922008733DC00010E9CD /* Release */ = {
			isa = XCBuildConfiguration;
			buildSettings = {
				ALWAYS_SEARCH_USER_PATHS = NO;
				ARCHS = "$(ARCHS_STANDARD_32_BIT)";
				DSTROOT = /tmp/Pants_Framework.dst;
				GCC_MODEL_TUNING = G5;
				GCC_PRECOMPILE_PREFIX_HEADER = YES;
				GCC_PREFIX_HEADER = Pants_Framework_Prefix.pch;
				GCC_VERSION = com.apple.compilers.llvm.clang.1_0;
				HEADER_SEARCH_PATHS = /usr/include/libxml2;
				INSTALL_PATH = /usr/local/lib;
				PRODUCT_NAME = Pants_Framework;
			};
			name = Release;
		};
		1DEB922308733DC00010E9CD /* Debug */ = {
			isa = XCBuildConfiguration;
			buildSettings = {
				ARCHS = "$(ARCHS_STANDARD_32_BIT)";
				GCC_C_LANGUAGE_STANDARD = c99;
				GCC_OPTIMIZATION_LEVEL = 0;
				GCC_VERSION = com.apple.compilers.llvm.clang.1_0;
				GCC_WARN_ABOUT_RETURN_TYPE = YES;
				GCC_WARN_UNUSED_VARIABLE = YES;
				IPHONEOS_DEPLOYMENT_TARGET = 3.1.3;
				OTHER_LDFLAGS = "-ObjC";
				PREBINDING = NO;
				SDKROOT = iphoneos4.1;
			};
			name = Debug;
		};
		1DEB922408733DC00010E9CD /* Release */ = {
			isa = XCBuildConfiguration;
			buildSettings = {
				ARCHS = "$(ARCHS_STANDARD_32_BIT)";
				GCC_C_LANGUAGE_STANDARD = c99;
				GCC_VERSION = com.apple.compilers.llvm.clang.1_0;
				GCC_WARN_ABOUT_RETURN_TYPE = YES;
				GCC_WARN_UNUSED_VARIABLE = YES;
				IPHONEOS_DEPLOYMENT_TARGET = 3.1.3;
				OTHER_LDFLAGS = "-ObjC";
				PREBINDING = NO;
				SDKROOT = iphoneos4.1;
			};
			name = Release;
		};
/* End XCBuildConfiguration section */

/* Begin XCConfigurationList section */
		1DEB921E08733DC00010E9CD /* Build configuration list for PBXNativeTarget "Pants-Framework" */ = {
			isa = XCConfigurationList;
			buildConfigurations = (
				1DEB921F08733DC00010E9CD /* Debug */,
				1DEB922008733DC00010E9CD /* Release */,
			);
			defaultConfigurationIsVisible = 0;
			defaultConfigurationName = Release;
		};
		1DEB922208733DC00010E9CD /* Build configuration list for PBXProject "Pants-Framework" */ = {
			isa = XCConfigurationList;
			buildConfigurations = (
				1DEB922308733DC00010E9CD /* Debug */,
				1DEB922408733DC00010E9CD /* Release */,
			);
			defaultConfigurationIsVisible = 0;
			defaultConfigurationName = Release;
		};
/* End XCConfigurationList section */
	};
	rootObject = 0867D690FE84028FC02AAC07 /* Project object */;
}
